
Microsoft Visual Studio Solution File, Format Version 12.00
# Visual Studio Version 17
VisualStudioVersion = 17.5.002.0
MinimumVisualStudioVersion = 10.0.40219.1
Project("{9A19103F-16F7-4668-BE54-9A1E7A4F7556}") = "Financial Dashboard", "Financial Dashboard.csproj", "{EC1C234F-08D1-4237-B68A-CAF9104C16C0}"
EndProject
Global
	GlobalSection(SolutionConfigurationPlatforms) = preSolution
		Debug|Any CPU = Debug|Any CPU
		Release|Any CPU = Release|Any CPU
	EndGlobalSection
	GlobalSection(ProjectConfigurationPlatforms) = postSolution
		{EC1C234F-08D1-4237-B68A-CAF9104C16C0}.Debug|Any CPU.ActiveCfg = Debug|Any CPU
		{EC1C234F-08D1-4237-B68A-CAF9104C16C0}.Debug|Any CPU.Build.0 = Debug|Any CPU
		{EC1C234F-08D1-4237-B68A-CAF9104C16C0}.Release|Any CPU.ActiveCfg = Release|Any CPU
		{EC1C234F-08D1-4237-B68A-CAF9104C16C0}.Release|Any CPU.Build.0 = Release|Any CPU
	EndGlobalSection
	GlobalSection(SolutionProperties) = preSolution
		HideSolutionNode = FALSE
	EndGlobalSection
	GlobalSection(ExtensibilityGlobals) = postSolution
		SolutionGuid = {532C98F9-E544-4FFB-87E0-C490611F825D}
	EndGlobalSection
EndGlobal
